
Microsoft Visual Studio Solution File, Format Version 12.00
# Visual Studio Version 17
VisualStudioVersion = 17.0.31912.275
MinimumVisualStudioVersion = 10.0.40219.1
Project("{FAE04EC0-301F-11D3-BF4B-00C04F79EFBC}") = "PrimeraApp", "WindowsFormsApp1\PrimeraApp.csproj", "{A834E180-2F2E-4653-9214-8808502A4F7C}"
EndProject
Global
	GlobalSection(SolutionConfigurationPlatforms) = preSolution
		Debug|Any CPU = Debug|Any CPU
		Release|Any CPU = Release|Any CPU
	EndGlobalSection
	GlobalSection(ProjectConfigurationPlatforms) = postSolution
		{A834E180-2F2E-4653-9214-8808502A4F7C}.Debug|Any CPU.ActiveCfg = Debug|Any CPU
		{A834E180-2F2E-4653-9214-8808502A4F7C}.Debug|Any CPU.Build.0 = Debug|Any CPU
		{A834E180-2F2E-4653-9214-8808502A4F7C}.Release|Any CPU.ActiveCfg = Release|Any CPU
		{A834E180-2F2E-4653-9214-8808502A4F7C}.Release|Any CPU.Build.0 = Release|Any CPU
	EndGlobalSection
	GlobalSection(SolutionProperties) = preSolution
		HideSolutionNode = FALSE
	EndGlobalSection
	GlobalSection(ExtensibilityGlobals) = postSolution
		SolutionGuid = {4F5C44C8-9763-4A92-8455-2F2B253DC1F7}
	EndGlobalSection
EndGlobal
